// !$*UTF8*$!
{
	archiveVersion = 1;
	classes = {
	};
	objectVersion = 50;
	objects = {

/* Begin PBXBuildFile section */
		03ED205CDAA26A2C10576029 /* Pods_RxMVVMTests.framework in Frameworks */ = {isa = PBXBuildFile; fileRef = A948DEA58B1EA7B5E1E3595D /* Pods_RxMVVMTests.framework */; };
		314535BE8914142D21C92524 /* Pods_RxMVVMUITests.framework in Frameworks */ = {isa = PBXBuildFile; fileRef = DCAE96F7782D7C3DF5F2800F /* Pods_RxMVVMUITests.framework */; };
		4E45ACC648457618EEA160BC /* Pods_RxMVVM.framework in Frameworks */ = {isa = PBXBuildFile; fileRef = B7ADB1B7FBE04833280733C6 /* Pods_RxMVVM.framework */; };
		B228AD6321F59B0500595549 /* AppDelegate.swift in Sources */ = {isa = PBXBuildFile; fileRef = B228AD6221F59B0500595549 /* AppDelegate.swift */; };
		B228AD6821F59B0500595549 /* Main.storyboard in Resources */ = {isa = PBXBuildFile; fileRef = B228AD6621F59B0500595549 /* Main.storyboard */; };
		B228AD6A21F59B0500595549 /* Assets.xcassets in Resources */ = {isa = PBXBuildFile; fileRef = B228AD6921F59B0500595549 /* Assets.xcassets */; };
		B228AD6D21F59B0500595549 /* LaunchScreen.storyboard in Resources */ = {isa = PBXBuildFile; fileRef = B228AD6B21F59B0500595549 /* LaunchScreen.storyboard */; };
		B228AD7821F59B0600595549 /* RxMVVMTests.swift in Sources */ = {isa = PBXBuildFile; fileRef = B228AD7721F59B0600595549 /* RxMVVMTests.swift */; };
		B228AD8321F59B0600595549 /* RxMVVMUITests.swift in Sources */ = {isa = PBXBuildFile; fileRef = B228AD8221F59B0600595549 /* RxMVVMUITests.swift */; };
		B228AD9321F59CFF00595549 /* GitHub.framework in Frameworks */ = {isa = PBXBuildFile; fileRef = B228AD9221F59CFF00595549 /* GitHub.framework */; };
		B228AD9521F59F1A00595549 /* SearchUserViewController.swift in Sources */ = {isa = PBXBuildFile; fileRef = B228AD9421F59F1A00595549 /* SearchUserViewController.swift */; };
		B228AD9721F59F3300595549 /* SearchUserViewModel.swift in Sources */ = {isa = PBXBuildFile; fileRef = B228AD9621F59F3300595549 /* SearchUserViewModel.swift */; };
		B228AD9921F59F4800595549 /* SearchUserModel.swift in Sources */ = {isa = PBXBuildFile; fileRef = B228AD9821F59F4800595549 /* SearchUserModel.swift */; };
		B228AD9B21F5A81600595549 /* User+Extension.swift in Sources */ = {isa = PBXBuildFile; fileRef = B228AD9A21F5A81600595549 /* User+Extension.swift */; };
		B228AD9D21FEDD1D00595549 /* SearchUser.storyboard in Resources */ = {isa = PBXBuildFile; fileRef = B228AD9C21FEDD1D00595549 /* SearchUser.storyboard */; };
		B228AD9F21FEDDCF00595549 /* UserCell.xib in Resources */ = {isa = PBXBuildFile; fileRef = B228AD9E21FEDDCF00595549 /* UserCell.xib */; };
		B228ADA121FEE06500595549 /* UserCell.swift in Sources */ = {isa = PBXBuildFile; fileRef = B228ADA021FEE06500595549 /* UserCell.swift */; };
/* End PBXBuildFile section */

/* Begin PBXContainerItemProxy section */
		B228AD7421F59B0600595549 /* PBXContainerItemProxy */ = {
			isa = PBXContainerItemProxy;
			containerPortal = B228AD5721F59B0500595549 /* Project object */;
			proxyType = 1;
			remoteGlobalIDString = B228AD5E21F59B0500595549;
			remoteInfo = RxMVVM;
		};
		B228AD7F21F59B0600595549 /* PBXContainerItemProxy */ = {
			isa = PBXContainerItemProxy;
			containerPortal = B228AD5721F59B0500595549 /* Project object */;
			proxyType = 1;
			remoteGlobalIDString = B228AD5E21F59B0500595549;
			remoteInfo = RxMVVM;
		};
/* End PBXContainerItemProxy section */

/* Begin PBXFileReference section */
		251505BF78FF40B95AE920A4 /* Pods-RxMVVMTests.debug.xcconfig */ = {isa = PBXFileReference; includeInIndex = 1; lastKnownFileType = text.xcconfig; name = "Pods-RxMVVMTests.debug.xcconfig"; path = "Target Support Files/Pods-RxMVVMTests/Pods-RxMVVMTests.debug.xcconfig"; sourceTree = "<group>"; };
		2DC5C16502CEC3335E68D233 /* Pods-RxMVVM.release.xcconfig */ = {isa = PBXFileReference; includeInIndex = 1; lastKnownFileType = text.xcconfig; name = "Pods-RxMVVM.release.xcconfig"; path = "Target Support Files/Pods-RxMVVM/Pods-RxMVVM.release.xcconfig"; sourceTree = "<group>"; };
		533D33F4ACA6575E6D186908 /* Pods-RxMVVMTests.release.xcconfig */ = {isa = PBXFileReference; includeInIndex = 1; lastKnownFileType = text.xcconfig; name = "Pods-RxMVVMTests.release.xcconfig"; path = "Target Support Files/Pods-RxMVVMTests/Pods-RxMVVMTests.release.xcconfig"; sourceTree = "<group>"; };
		894D7FE7C0A9DB1C417109F1 /* Pods-RxMVVM.debug.xcconfig */ = {isa = PBXFileReference; includeInIndex = 1; lastKnownFileType = text.xcconfig; name = "Pods-RxMVVM.debug.xcconfig"; path = "Target Support Files/Pods-RxMVVM/Pods-RxMVVM.debug.xcconfig"; sourceTree = "<group>"; };
		A4ADC85CBD0C699F096CF04C /* Pods-RxMVVMUITests.release.xcconfig */ = {isa = PBXFileReference; includeInIndex = 1; lastKnownFileType = text.xcconfig; name = "Pods-RxMVVMUITests.release.xcconfig"; path = "Target Support Files/Pods-RxMVVMUITests/Pods-RxMVVMUITests.release.xcconfig"; sourceTree = "<group>"; };
		A948DEA58B1EA7B5E1E3595D /* Pods_RxMVVMTests.framework */ = {isa = PBXFileReference; explicitFileType = wrapper.framework; includeInIndex = 0; path = Pods_RxMVVMTests.framework; sourceTree = BUILT_PRODUCTS_DIR; };
		B228AD5F21F59B0500595549 /* RxMVVM.app */ = {isa = PBXFileReference; explicitFileType = wrapper.application; includeInIndex = 0; path = RxMVVM.app; sourceTree = BUILT_PRODUCTS_DIR; };
		B228AD6221F59B0500595549 /* AppDelegate.swift */ = {isa = PBXFileReference; lastKnownFileType = sourcecode.swift; path = AppDelegate.swift; sourceTree = "<group>"; };
		B228AD6721F59B0500595549 /* Base */ = {isa = PBXFileReference; lastKnownFileType = file.storyboard; name = Base; path = Base.lproj/Main.storyboard; sourceTree = "<group>"; };
		B228AD6921F59B0500595549 /* Assets.xcassets */ = {isa = PBXFileReference; lastKnownFileType = folder.assetcatalog; path = Assets.xcassets; sourceTree = "<group>"; };
		B228AD6C21F59B0500595549 /* Base */ = {isa = PBXFileReference; lastKnownFileType = file.storyboard; name = Base; path = Base.lproj/LaunchScreen.storyboard; sourceTree = "<group>"; };
		B228AD6E21F59B0500595549 /* Info.plist */ = {isa = PBXFileReference; lastKnownFileType = text.plist.xml; path = Info.plist; sourceTree = "<group>"; };
		B228AD7321F59B0600595549 /* RxMVVMTests.xctest */ = {isa = PBXFileReference; explicitFileType = wrapper.cfbundle; includeInIndex = 0; path = RxMVVMTests.xctest; sourceTree = BUILT_PRODUCTS_DIR; };
		B228AD7721F59B0600595549 /* RxMVVMTests.swift */ = {isa = PBXFileReference; lastKnownFileType = sourcecode.swift; path = RxMVVMTests.swift; sourceTree = "<group>"; };
		B228AD7921F59B0600595549 /* Info.plist */ = {isa = PBXFileReference; lastKnownFileType = text.plist.xml; path = Info.plist; sourceTree = "<group>"; };
		B228AD7E21F59B0600595549 /* RxMVVMUITests.xctest */ = {isa = PBXFileReference; explicitFileType = wrapper.cfbundle; includeInIndex = 0; path = RxMVVMUITests.xctest; sourceTree = BUILT_PRODUCTS_DIR; };
		B228AD8221F59B0600595549 /* RxMVVMUITests.swift */ = {isa = PBXFileReference; lastKnownFileType = sourcecode.swift; path = RxMVVMUITests.swift; sourceTree = "<group>"; };
		B228AD8421F59B0600595549 /* Info.plist */ = {isa = PBXFileReference; lastKnownFileType = text.plist.xml; path = Info.plist; sourceTree = "<group>"; };
		B228AD9021F59CEA00595549 /* GitHub.framework */ = {isa = PBXFileReference; explicitFileType = wrapper.framework; path = GitHub.framework; sourceTree = BUILT_PRODUCTS_DIR; };
		B228AD9221F59CFF00595549 /* GitHub.framework */ = {isa = PBXFileReference; explicitFileType = wrapper.framework; path = GitHub.framework; sourceTree = BUILT_PRODUCTS_DIR; };
		B228AD9421F59F1A00595549 /* SearchUserViewController.swift */ = {isa = PBXFileReference; lastKnownFileType = sourcecode.swift; path = SearchUserViewController.swift; sourceTree = "<group>"; };
		B228AD9621F59F3300595549 /* SearchUserViewModel.swift */ = {isa = PBXFileReference; lastKnownFileType = sourcecode.swift; path = SearchUserViewModel.swift; sourceTree = "<group>"; };
		B228AD9821F59F4800595549 /* SearchUserModel.swift */ = {isa = PBXFileReference; lastKnownFileType = sourcecode.swift; path = SearchUserModel.swift; sourceTree = "<group>"; };
		B228AD9A21F5A81600595549 /* User+Extension.swift */ = {isa = PBXFileReference; lastKnownFileType = sourcecode.swift; path = "User+Extension.swift"; sourceTree = "<group>"; };
		B228AD9C21FEDD1D00595549 /* SearchUser.storyboard */ = {isa = PBXFileReference; lastKnownFileType = file.storyboard; path = SearchUser.storyboard; sourceTree = "<group>"; };
		B228AD9E21FEDDCF00595549 /* UserCell.xib */ = {isa = PBXFileReference; lastKnownFileType = file.xib; path = UserCell.xib; sourceTree = "<group>"; };
		B228ADA021FEE06500595549 /* UserCell.swift */ = {isa = PBXFileReference; lastKnownFileType = sourcecode.swift; path = UserCell.swift; sourceTree = "<group>"; };
		B7ADB1B7FBE04833280733C6 /* Pods_RxMVVM.framework */ = {isa = PBXFileReference; explicitFileType = wrapper.framework; includeInIndex = 0; path = Pods_RxMVVM.framework; sourceTree = BUILT_PRODUCTS_DIR; };
		DCAE96F7782D7C3DF5F2800F /* Pods_RxMVVMUITests.framework */ = {isa = PBXFileReference; explicitFileType = wrapper.framework; includeInIndex = 0; path = Pods_RxMVVMUITests.framework; sourceTree = BUILT_PRODUCTS_DIR; };
		EE411F3AC3D50A48C1972EA9 /* Pods-RxMVVMUITests.debug.xcconfig */ = {isa = PBXFileReference; includeInIndex = 1; lastKnownFileType = text.xcconfig; name = "Pods-RxMVVMUITests.debug.xcconfig"; path = "Target Support Files/Pods-RxMVVMUITests/Pods-RxMVVMUITests.debug.xcconfig"; sourceTree = "<group>"; };
/* End PBXFileReference section */

/* Begin PBXFrameworksBuildPhase section */
		B228AD5C21F59B0500595549 /* Frameworks */ = {
			isa = PBXFrameworksBuildPhase;
			buildActionMask = 2147483647;
			files = (
				B228AD9321F59CFF00595549 /* GitHub.framework in Frameworks */,
				4E45ACC648457618EEA160BC /* Pods_RxMVVM.framework in Frameworks */,
			);
			runOnlyForDeploymentPostprocessing = 0;
		};
		B228AD7021F59B0600595549 /* Frameworks */ = {
			isa = PBXFrameworksBuildPhase;
			buildActionMask = 2147483647;
			files = (
				03ED205CDAA26A2C10576029 /* Pods_RxMVVMTests.framework in Frameworks */,
			);
			runOnlyForDeploymentPostprocessing = 0;
		};
		B228AD7B21F59B0600595549 /* Frameworks */ = {
			isa = PBXFrameworksBuildPhase;
			buildActionMask = 2147483647;
			files = (
				314535BE8914142D21C92524 /* Pods_RxMVVMUITests.framework in Frameworks */,
			);
			runOnlyForDeploymentPostprocessing = 0;
		};
/* End PBXFrameworksBuildPhase section */

/* Begin PBXGroup section */
		369AE9F3E135A58B1F39D639 /* Frameworks */ = {
			isa = PBXGroup;
			children = (
				B228AD9221F59CFF00595549 /* GitHub.framework */,
				B228AD9021F59CEA00595549 /* GitHub.framework */,
				B7ADB1B7FBE04833280733C6 /* Pods_RxMVVM.framework */,
				A948DEA58B1EA7B5E1E3595D /* Pods_RxMVVMTests.framework */,
				DCAE96F7782D7C3DF5F2800F /* Pods_RxMVVMUITests.framework */,
			);
			name = Frameworks;
			sourceTree = "<group>";
		};
		39883FAA97B41A5249BF5BD1 /* Pods */ = {
			isa = PBXGroup;
			children = (
				894D7FE7C0A9DB1C417109F1 /* Pods-RxMVVM.debug.xcconfig */,
				2DC5C16502CEC3335E68D233 /* Pods-RxMVVM.release.xcconfig */,
				251505BF78FF40B95AE920A4 /* Pods-RxMVVMTests.debug.xcconfig */,
				533D33F4ACA6575E6D186908 /* Pods-RxMVVMTests.release.xcconfig */,
				EE411F3AC3D50A48C1972EA9 /* Pods-RxMVVMUITests.debug.xcconfig */,
				A4ADC85CBD0C699F096CF04C /* Pods-RxMVVMUITests.release.xcconfig */,
			);
			path = Pods;
			sourceTree = "<group>";
		};
		B228AD5621F59B0500595549 = {
			isa = PBXGroup;
			children = (
				B228AD6121F59B0500595549 /* RxMVVM */,
				B228AD7621F59B0600595549 /* RxMVVMTests */,
				B228AD8121F59B0600595549 /* RxMVVMUITests */,
				B228AD6021F59B0500595549 /* Products */,
				39883FAA97B41A5249BF5BD1 /* Pods */,
				369AE9F3E135A58B1F39D639 /* Frameworks */,
			);
			sourceTree = "<group>";
		};
		B228AD6021F59B0500595549 /* Products */ = {
			isa = PBXGroup;
			children = (
				B228AD5F21F59B0500595549 /* RxMVVM.app */,
				B228AD7321F59B0600595549 /* RxMVVMTests.xctest */,
				B228AD7E21F59B0600595549 /* RxMVVMUITests.xctest */,
			);
			name = Products;
			sourceTree = "<group>";
		};
		B228AD6121F59B0500595549 /* RxMVVM */ = {
			isa = PBXGroup;
			children = (
				B228AD6221F59B0500595549 /* AppDelegate.swift */,
				B228AD6621F59B0500595549 /* Main.storyboard */,
				B228AD6921F59B0500595549 /* Assets.xcassets */,
				B228AD6B21F59B0500595549 /* LaunchScreen.storyboard */,
				B228AD6E21F59B0500595549 /* Info.plist */,
				B228AD9421F59F1A00595549 /* SearchUserViewController.swift */,
				B228AD9621F59F3300595549 /* SearchUserViewModel.swift */,
				B228AD9821F59F4800595549 /* SearchUserModel.swift */,
				B228AD9A21F5A81600595549 /* User+Extension.swift */,
				B228AD9C21FEDD1D00595549 /* SearchUser.storyboard */,
				B228AD9E21FEDDCF00595549 /* UserCell.xib */,
				B228ADA021FEE06500595549 /* UserCell.swift */,
			);
			path = RxMVVM;
			sourceTree = "<group>";
		};
		B228AD7621F59B0600595549 /* RxMVVMTests */ = {
			isa = PBXGroup;
			children = (
				B228AD7721F59B0600595549 /* RxMVVMTests.swift */,
				B228AD7921F59B0600595549 /* Info.plist */,
			);
			path = RxMVVMTests;
			sourceTree = "<group>";
		};
		B228AD8121F59B0600595549 /* RxMVVMUITests */ = {
			isa = PBXGroup;
			children = (
				B228AD8221F59B0600595549 /* RxMVVMUITests.swift */,
				B228AD8421F59B0600595549 /* Info.plist */,
			);
			path = RxMVVMUITests;
			sourceTree = "<group>";
		};
/* End PBXGroup section */

/* Begin PBXNativeTarget section */
		B228AD5E21F59B0500595549 /* RxMVVM */ = {
			isa = PBXNativeTarget;
			buildConfigurationList = B228AD8721F59B0600595549 /* Build configuration list for PBXNativeTarget "RxMVVM" */;
			buildPhases = (
				A882BEE2C148C600716A3327 /* [CP] Check Pods Manifest.lock */,
				B228AD5B21F59B0500595549 /* Sources */,
				B228AD5C21F59B0500595549 /* Frameworks */,
				B228AD5D21F59B0500595549 /* Resources */,
				0A4AFB55DC9B6E72D6A1EDBC /* [CP] Embed Pods Frameworks */,
			);
			buildRules = (
			);
			dependencies = (
			);
			name = RxMVVM;
			productName = RxMVVM;
			productReference = B228AD5F21F59B0500595549 /* RxMVVM.app */;
			productType = "com.apple.product-type.application";
		};
		B228AD7221F59B0600595549 /* RxMVVMTests */ = {
			isa = PBXNativeTarget;
			buildConfigurationList = B228AD8A21F59B0600595549 /* Build configuration list for PBXNativeTarget "RxMVVMTests" */;
			buildPhases = (
				2C4D1689F366E812C535B0C8 /* [CP] Check Pods Manifest.lock */,
				B228AD6F21F59B0600595549 /* Sources */,
				B228AD7021F59B0600595549 /* Frameworks */,
				B228AD7121F59B0600595549 /* Resources */,
			);
			buildRules = (
			);
			dependencies = (
				B228AD7521F59B0600595549 /* PBXTargetDependency */,
			);
			name = RxMVVMTests;
			productName = RxMVVMTests;
			productReference = B228AD7321F59B0600595549 /* RxMVVMTests.xctest */;
			productType = "com.apple.product-type.bundle.unit-test";
		};
		B228AD7D21F59B0600595549 /* RxMVVMUITests */ = {
			isa = PBXNativeTarget;
			buildConfigurationList = B228AD8D21F59B0600595549 /* Build configuration list for PBXNativeTarget "RxMVVMUITests" */;
			buildPhases = (
				8EBC9D7557CCF4AAADC18169 /* [CP] Check Pods Manifest.lock */,
				B228AD7A21F59B0600595549 /* Sources */,
				B228AD7B21F59B0600595549 /* Frameworks */,
				B228AD7C21F59B0600595549 /* Resources */,
			);
			buildRules = (
			);
			dependencies = (
				B228AD8021F59B0600595549 /* PBXTargetDependency */,
			);
			name = RxMVVMUITests;
			productName = RxMVVMUITests;
			productReference = B228AD7E21F59B0600595549 /* RxMVVMUITests.xctest */;
			productType = "com.apple.product-type.bundle.ui-testing";
		};
/* End PBXNativeTarget section */

/* Begin PBXProject section */
		B228AD5721F59B0500595549 /* Project object */ = {
			isa = PBXProject;
			attributes = {
				LastSwiftUpdateCheck = 1010;
				LastUpgradeCheck = 1010;
				ORGANIZATIONNAME = "佐藤賢";
				TargetAttributes = {
					B228AD5E21F59B0500595549 = {
						CreatedOnToolsVersion = 10.1;
					};
					B228AD7221F59B0600595549 = {
						CreatedOnToolsVersion = 10.1;
						TestTargetID = B228AD5E21F59B0500595549;
					};
					B228AD7D21F59B0600595549 = {
						CreatedOnToolsVersion = 10.1;
						TestTargetID = B228AD5E21F59B0500595549;
					};
				};
			};
			buildConfigurationList = B228AD5A21F59B0500595549 /* Build configuration list for PBXProject "RxMVVM" */;
			compatibilityVersion = "Xcode 9.3";
			developmentRegion = en;
			hasScannedForEncodings = 0;
			knownRegions = (
				en,
				Base,
			);
			mainGroup = B228AD5621F59B0500595549;
			productRefGroup = B228AD6021F59B0500595549 /* Products */;
			projectDirPath = "";
			projectRoot = "";
			targets = (
				B228AD5E21F59B0500595549 /* RxMVVM */,
				B228AD7221F59B0600595549 /* RxMVVMTests */,
				B228AD7D21F59B0600595549 /* RxMVVMUITests */,
			);
		};
/* End PBXProject section */

/* Begin PBXResourcesBuildPhase section */
		B228AD5D21F59B0500595549 /* Resources */ = {
			isa = PBXResourcesBuildPhase;
			buildActionMask = 2147483647;
			files = (
				B228AD6D21F59B0500595549 /* LaunchScreen.storyboard in Resources */,
				B228AD9D21FEDD1D00595549 /* SearchUser.storyboard in Resources */,
				B228AD6A21F59B0500595549 /* Assets.xcassets in Resources */,
				B228AD6821F59B0500595549 /* Main.storyboard in Resources */,
				B228AD9F21FEDDCF00595549 /* UserCell.xib in Resources */,
			);
			runOnlyForDeploymentPostprocessing = 0;
		};
		B228AD7121F59B0600595549 /* Resources */ = {
			isa = PBXResourcesBuildPhase;
			buildActionMask = 2147483647;
			files = (
			);
			runOnlyForDeploymentPostprocessing = 0;
		};
		B228AD7C21F59B0600595549 /* Resources */ = {
			isa = PBXResourcesBuildPhase;
			buildActionMask = 2147483647;
			files = (
			);
			runOnlyForDeploymentPostprocessing = 0;
		};
/* End PBXResourcesBuildPhase section */

/* Begin PBXShellScriptBuildPhase section */
		0A4AFB55DC9B6E72D6A1EDBC /* [CP] Embed Pods Frameworks */ = {
			isa = PBXShellScriptBuildPhase;
			buildActionMask = 2147483647;
			files = (
			);
			inputFileListPaths = (
			);
			inputPaths = (
				"${PODS_ROOT}/Target Support Files/Pods-RxMVVM/Pods-RxMVVM-frameworks.sh",
				"${BUILT_PRODUCTS_DIR}/RxAtomic/RxAtomic.framework",
				"${BUILT_PRODUCTS_DIR}/RxCocoa/RxCocoa.framework",
				"${BUILT_PRODUCTS_DIR}/RxSwift/RxSwift.framework",
			);
			name = "[CP] Embed Pods Frameworks";
			outputFileListPaths = (
			);
			outputPaths = (
				"${TARGET_BUILD_DIR}/${FRAMEWORKS_FOLDER_PATH}/RxAtomic.framework",
				"${TARGET_BUILD_DIR}/${FRAMEWORKS_FOLDER_PATH}/RxCocoa.framework",
				"${TARGET_BUILD_DIR}/${FRAMEWORKS_FOLDER_PATH}/RxSwift.framework",
			);
			runOnlyForDeploymentPostprocessing = 0;
			shellPath = /bin/sh;
			shellScript = "\"${PODS_ROOT}/Target Support Files/Pods-RxMVVM/Pods-RxMVVM-frameworks.sh\"\n";
			showEnvVarsInLog = 0;
		};
		2C4D1689F366E812C535B0C8 /* [CP] Check Pods Manifest.lock */ = {
			isa = PBXShellScriptBuildPhase;
			buildActionMask = 2147483647;
			files = (
			);
			inputFileListPaths = (
			);
			inputPaths = (
				"${PODS_PODFILE_DIR_PATH}/Podfile.lock",
				"${PODS_ROOT}/Manifest.lock",
			);
			name = "[CP] Check Pods Manifest.lock";
			outputFileListPaths = (
			);
			outputPaths = (
				"$(DERIVED_FILE_DIR)/Pods-RxMVVMTests-checkManifestLockResult.txt",
			);
			runOnlyForDeploymentPostprocessing = 0;
			shellPath = /bin/sh;
			shellScript = "diff \"${PODS_PODFILE_DIR_PATH}/Podfile.lock\" \"${PODS_ROOT}/Manifest.lock\" > /dev/null\nif [ $? != 0 ] ; then\n    # print error to STDERR\n    echo \"error: The sandbox is not in sync with the Podfile.lock. Run 'pod install' or update your CocoaPods installation.\" >&2\n    exit 1\nfi\n# This output is used by Xcode 'outputs' to avoid re-running this script phase.\necho \"SUCCESS\" > \"${SCRIPT_OUTPUT_FILE_0}\"\n";
			showEnvVarsInLog = 0;
		};
		8EBC9D7557CCF4AAADC18169 /* [CP] Check Pods Manifest.lock */ = {
			isa = PBXShellScriptBuildPhase;
			buildActionMask = 2147483647;
			files = (
			);
			inputFileListPaths = (
			);
			inputPaths = (
				"${PODS_PODFILE_DIR_PATH}/Podfile.lock",
				"${PODS_ROOT}/Manifest.lock",
			);
			name = "[CP] Check Pods Manifest.lock";
			outputFileListPaths = (
			);
			outputPaths = (
				"$(DERIVED_FILE_DIR)/Pods-RxMVVMUITests-checkManifestLockResult.txt",
			);
			runOnlyForDeploymentPostprocessing = 0;
			shellPath = /bin/sh;
			shellScript = "diff \"${PODS_PODFILE_DIR_PATH}/Podfile.lock\" \"${PODS_ROOT}/Manifest.lock\" > /dev/null\nif [ $? != 0 ] ; then\n    # print error to STDERR\n    echo \"error: The sandbox is not in sync with the Podfile.lock. Run 'pod install' or update your CocoaPods installation.\" >&2\n    exit 1\nfi\n# This output is used by Xcode 'outputs' to avoid re-running this script phase.\necho \"SUCCESS\" > \"${SCRIPT_OUTPUT_FILE_0}\"\n";
			showEnvVarsInLog = 0;
		};
		A882BEE2C148C600716A3327 /* [CP] Check Pods Manifest.lock */ = {
			isa = PBXShellScriptBuildPhase;
			buildActionMask = 2147483647;
			files = (
			);
			inputFileListPaths = (
			);
			inputPaths = (
				"${PODS_PODFILE_DIR_PATH}/Podfile.lock",
				"${PODS_ROOT}/Manifest.lock",
			);
			name = "[CP] Check Pods Manifest.lock";
			outputFileListPaths = (
			);
			outputPaths = (
				"$(DERIVED_FILE_DIR)/Pods-RxMVVM-checkManifestLockResult.txt",
			);
			runOnlyForDeploymentPostprocessing = 0;
			shellPath = /bin/sh;
			shellScript = "diff \"${PODS_PODFILE_DIR_PATH}/Podfile.lock\" \"${PODS_ROOT}/Manifest.lock\" > /dev/null\nif [ $? != 0 ] ; then\n    # print error to STDERR\n    echo \"error: The sandbox is not in sync with the Podfile.lock. Run 'pod install' or update your CocoaPods installation.\" >&2\n    exit 1\nfi\n# This output is used by Xcode 'outputs' to avoid re-running this script phase.\necho \"SUCCESS\" > \"${SCRIPT_OUTPUT_FILE_0}\"\n";
			showEnvVarsInLog = 0;
		};
/* End PBXShellScriptBuildPhase section */

/* Begin PBXSourcesBuildPhase section */
		B228AD5B21F59B0500595549 /* Sources */ = {
			isa = PBXSourcesBuildPhase;
			buildActionMask = 2147483647;
			files = (
				B228AD6321F59B0500595549 /* AppDelegate.swift in Sources */,
				B228AD9521F59F1A00595549 /* SearchUserViewController.swift in Sources */,
				B228ADA121FEE06500595549 /* UserCell.swift in Sources */,
				B228AD9921F59F4800595549 /* SearchUserModel.swift in Sources */,
				B228AD9721F59F3300595549 /* SearchUserViewModel.swift in Sources */,
				B228AD9B21F5A81600595549 /* User+Extension.swift in Sources */,
			);
			runOnlyForDeploymentPostprocessing = 0;
		};
		B228AD6F21F59B0600595549 /* Sources */ = {
			isa = PBXSourcesBuildPhase;
			buildActionMask = 2147483647;
			files = (
				B228AD7821F59B0600595549 /* RxMVVMTests.swift in Sources */,
			);
			runOnlyForDeploymentPostprocessing = 0;
		};
		B228AD7A21F59B0600595549 /* Sources */ = {
			isa = PBXSourcesBuildPhase;
			buildActionMask = 2147483647;
			files = (
				B228AD8321F59B0600595549 /* RxMVVMUITests.swift in Sources */,
			);
			runOnlyForDeploymentPostprocessing = 0;
		};
/* End PBXSourcesBuildPhase section */

/* Begin PBXTargetDependency section */
		B228AD7521F59B0600595549 /* PBXTargetDependency */ = {
			isa = PBXTargetDependency;
			target = B228AD5E21F59B0500595549 /* RxMVVM */;
			targetProxy = B228AD7421F59B0600595549 /* PBXContainerItemProxy */;
		};
		B228AD8021F59B0600595549 /* PBXTargetDependency */ = {
			isa = PBXTargetDependency;
			target = B228AD5E21F59B0500595549 /* RxMVVM */;
			targetProxy = B228AD7F21F59B0600595549 /* PBXContainerItemProxy */;
		};
/* End PBXTargetDependency section */

/* Begin PBXVariantGroup section */
		B228AD6621F59B0500595549 /* Main.storyboard */ = {
			isa = PBXVariantGroup;
			children = (
				B228AD6721F59B0500595549 /* Base */,
			);
			name = Main.storyboard;
			sourceTree = "<group>";
		};
		B228AD6B21F59B0500595549 /* LaunchScreen.storyboard */ = {
			isa = PBXVariantGroup;
			children = (
				B228AD6C21F59B0500595549 /* Base */,
			);
			name = LaunchScreen.storyboard;
			sourceTree = "<group>";
		};
/* End PBXVariantGroup section */

/* Begin XCBuildConfiguration section */
		B228AD8521F59B0600595549 /* Debug */ = {
			isa = XCBuildConfiguration;
			buildSettings = {
				ALWAYS_SEARCH_USER_PATHS = NO;
				CLANG_ANALYZER_NONNULL = YES;
				CLANG_ANALYZER_NUMBER_OBJECT_CONVERSION = YES_AGGRESSIVE;
				CLANG_CXX_LANGUAGE_STANDARD = "gnu++14";
				CLANG_CXX_LIBRARY = "libc++";
				CLANG_ENABLE_MODULES = YES;
				CLANG_ENABLE_OBJC_ARC = YES;
				CLANG_ENABLE_OBJC_WEAK = YES;
				CLANG_WARN_BLOCK_CAPTURE_AUTORELEASING = YES;
				CLANG_WARN_BOOL_CONVERSION = YES;
				CLANG_WARN_COMMA = YES;
				CLANG_WARN_CONSTANT_CONVERSION = YES;
				CLANG_WARN_DEPRECATED_OBJC_IMPLEMENTATIONS = YES;
				CLANG_WARN_DIRECT_OBJC_ISA_USAGE = YES_ERROR;
				CLANG_WARN_DOCUMENTATION_COMMENTS = YES;
				CLANG_WARN_EMPTY_BODY = YES;
				CLANG_WARN_ENUM_CONVERSION = YES;
				CLANG_WARN_INFINITE_RECURSION = YES;
				CLANG_WARN_INT_CONVERSION = YES;
				CLANG_WARN_NON_LITERAL_NULL_CONVERSION = YES;
				CLANG_WARN_OBJC_IMPLICIT_RETAIN_SELF = YES;
				CLANG_WARN_OBJC_LITERAL_CONVERSION = YES;
				CLANG_WARN_OBJC_ROOT_CLASS = YES_ERROR;
				CLANG_WARN_RANGE_LOOP_ANALYSIS = YES;
				CLANG_WARN_STRICT_PROTOTYPES = YES;
				CLANG_WARN_SUSPICIOUS_MOVE = YES;
				CLANG_WARN_UNGUARDED_AVAILABILITY = YES_AGGRESSIVE;
				CLANG_WARN_UNREACHABLE_CODE = YES;
				CLANG_WARN__DUPLICATE_METHOD_MATCH = YES;
				CODE_SIGN_IDENTITY = "iPhone Developer";
				COPY_PHASE_STRIP = NO;
				DEBUG_INFORMATION_FORMAT = dwarf;
				ENABLE_STRICT_OBJC_MSGSEND = YES;
				ENABLE_TESTABILITY = YES;
				GCC_C_LANGUAGE_STANDARD = gnu11;
				GCC_DYNAMIC_NO_PIC = NO;
				GCC_NO_COMMON_BLOCKS = YES;
				GCC_OPTIMIZATION_LEVEL = 0;
				GCC_PREPROCESSOR_DEFINITIONS = (
					"DEBUG=1",
					"$(inherited)",
				);
				GCC_WARN_64_TO_32_BIT_CONVERSION = YES;
				GCC_WARN_ABOUT_RETURN_TYPE = YES_ERROR;
				GCC_WARN_UNDECLARED_SELECTOR = YES;
				GCC_WARN_UNINITIALIZED_AUTOS = YES_AGGRESSIVE;
				GCC_WARN_UNUSED_FUNCTION = YES;
				GCC_WARN_UNUSED_VARIABLE = YES;
				IPHONEOS_DEPLOYMENT_TARGET = 12.1;
				MTL_ENABLE_DEBUG_INFO = INCLUDE_SOURCE;
				MTL_FAST_MATH = YES;
				ONLY_ACTIVE_ARCH = YES;
				SDKROOT = iphoneos;
				SWIFT_ACTIVE_COMPILATION_CONDITIONS = DEBUG;
				SWIFT_OPTIMIZATION_LEVEL = "-Onone";
			};
			name = Debug;
		};
		B228AD8621F59B0600595549 /* Release */ = {
			isa = XCBuildConfiguration;
			buildSettings = {
				ALWAYS_SEARCH_USER_PATHS = NO;
				CLANG_ANALYZER_NONNULL = YES;
				CLANG_ANALYZER_NUMBER_OBJECT_CONVERSION = YES_AGGRESSIVE;
				CLANG_CXX_LANGUAGE_STANDARD = "gnu++14";
				CLANG_CXX_LIBRARY = "libc++";
				CLANG_ENABLE_MODULES = YES;
				CLANG_ENABLE_OBJC_ARC = YES;
				CLANG_ENABLE_OBJC_WEAK = YES;
				CLANG_WARN_BLOCK_CAPTURE_AUTORELEASING = YES;
				CLANG_WARN_BOOL_CONVERSION = YES;
				CLANG_WARN_COMMA = YES;
				CLANG_WARN_CONSTANT_CONVERSION = YES;
				CLANG_WARN_DEPRECATED_OBJC_IMPLEMENTATIONS = YES;
				CLANG_WARN_DIRECT_OBJC_ISA_USAGE = YES_ERROR;
				CLANG_WARN_DOCUMENTATION_COMMENTS = YES;
				CLANG_WARN_EMPTY_BODY = YES;
				CLANG_WARN_ENUM_CONVERSION = YES;
				CLANG_WARN_INFINITE_RECURSION = YES;
				CLANG_WARN_INT_CONVERSION = YES;
				CLANG_WARN_NON_LITERAL_NULL_CONVERSION = YES;
				CLANG_WARN_OBJC_IMPLICIT_RETAIN_SELF = YES;
				CLANG_WARN_OBJC_LITERAL_CONVERSION = YES;
				CLANG_WARN_OBJC_ROOT_CLASS = YES_ERROR;
				CLANG_WARN_RANGE_LOOP_ANALYSIS = YES;
				CLANG_WARN_STRICT_PROTOTYPES = YES;
				CLANG_WARN_SUSPICIOUS_MOVE = YES;
				CLANG_WARN_UNGUARDED_AVAILABILITY = YES_AGGRESSIVE;
				CLANG_WARN_UNREACHABLE_CODE = YES;
				CLANG_WARN__DUPLICATE_METHOD_MATCH = YES;
				CODE_SIGN_IDENTITY = "iPhone Developer";
				COPY_PHASE_STRIP = NO;
				DEBUG_INFORMATION_FORMAT = "dwarf-with-dsym";
				ENABLE_NS_ASSERTIONS = NO;
				ENABLE_STRICT_OBJC_MSGSEND = YES;
				GCC_C_LANGUAGE_STANDARD = gnu11;
				GCC_NO_COMMON_BLOCKS = YES;
				GCC_WARN_64_TO_32_BIT_CONVERSION = YES;
				GCC_WARN_ABOUT_RETURN_TYPE = YES_ERROR;
				GCC_WARN_UNDECLARED_SELECTOR = YES;
				GCC_WARN_UNINITIALIZED_AUTOS = YES_AGGRESSIVE;
				GCC_WARN_UNUSED_FUNCTION = YES;
				GCC_WARN_UNUSED_VARIABLE = YES;
				IPHONEOS_DEPLOYMENT_TARGET = 12.1;
				MTL_ENABLE_DEBUG_INFO = NO;
				MTL_FAST_MATH = YES;
				SDKROOT = iphoneos;
				SWIFT_COMPILATION_MODE = wholemodule;
				SWIFT_OPTIMIZATION_LEVEL = "-O";
				VALIDATE_PRODUCT = YES;
			};
			name = Release;
		};
		B228AD8821F59B0600595549 /* Debug */ = {
			isa = XCBuildConfiguration;
			baseConfigurationReference = 894D7FE7C0A9DB1C417109F1 /* Pods-RxMVVM.debug.xcconfig */;
			buildSettings = {
				ASSETCATALOG_COMPILER_APPICON_NAME = AppIcon;
				CODE_SIGN_STYLE = Automatic;
				DEVELOPMENT_TEAM = JL94BNBL3S;
				INFOPLIST_FILE = RxMVVM/Info.plist;
				LD_RUNPATH_SEARCH_PATHS = (
					"$(inherited)",
					"@executable_path/Frameworks",
				);
				PRODUCT_BUNDLE_IDENTIFIER = ken.RxMVVM;
				PRODUCT_NAME = "$(TARGET_NAME)";
				SWIFT_VERSION = 4.2;
				TARGETED_DEVICE_FAMILY = "1,2";
			};
			name = Debug;
		};
		B228AD8921F59B0600595549 /* Release */ = {
			isa = XCBuildConfiguration;
			baseConfigurationReference = 2DC5C16502CEC3335E68D233 /* Pods-RxMVVM.release.xcconfig */;
			buildSettings = {
				ASSETCATALOG_COMPILER_APPICON_NAME = AppIcon;
				CODE_SIGN_STYLE = Automatic;
				DEVELOPMENT_TEAM = JL94BNBL3S;
				INFOPLIST_FILE = RxMVVM/Info.plist;
				LD_RUNPATH_SEARCH_PATHS = (
					"$(inherited)",
					"@executable_path/Frameworks",
				);
				PRODUCT_BUNDLE_IDENTIFIER = ken.RxMVVM;
				PRODUCT_NAME = "$(TARGET_NAME)";
				SWIFT_VERSION = 4.2;
				TARGETED_DEVICE_FAMILY = "1,2";
			};
			name = Release;
		};
		B228AD8B21F59B0600595549 /* Debug */ = {
			isa = XCBuildConfiguration;
			baseConfigurationReference = 251505BF78FF40B95AE920A4 /* Pods-RxMVVMTests.debug.xcconfig */;
			buildSettings = {
				ALWAYS_EMBED_SWIFT_STANDARD_LIBRARIES = YES;
				BUNDLE_LOADER = "$(TEST_HOST)";
				CODE_SIGN_STYLE = Automatic;
				DEVELOPMENT_TEAM = JL94BNBL3S;
				INFOPLIST_FILE = RxMVVMTests/Info.plist;
				LD_RUNPATH_SEARCH_PATHS = (
					"$(inherited)",
					"@executable_path/Frameworks",
					"@loader_path/Frameworks",
				);
				PRODUCT_BUNDLE_IDENTIFIER = ken.RxMVVMTests;
				PRODUCT_NAME = "$(TARGET_NAME)";
				SWIFT_VERSION = 4.2;
				TARGETED_DEVICE_FAMILY = "1,2";
				TEST_HOST = "$(BUILT_PRODUCTS_DIR)/RxMVVM.app/RxMVVM";
			};
			name = Debug;
		};
		B228AD8C21F59B0600595549 /* Release */ = {
			isa = XCBuildConfiguration;
			baseConfigurationReference = 533D33F4ACA6575E6D186908 /* Pods-RxMVVMTests.release.xcconfig */;
			buildSettings = {
				ALWAYS_EMBED_SWIFT_STANDARD_LIBRARIES = YES;
				BUNDLE_LOADER = "$(TEST_HOST)";
				CODE_SIGN_STYLE = Automatic;
				DEVELOPMENT_TEAM = JL94BNBL3S;
				INFOPLIST_FILE = RxMVVMTests/Info.plist;
				LD_RUNPATH_SEARCH_PATHS = (
					"$(inherited)",
					"@executable_path/Frameworks",
					"@loader_path/Frameworks",
				);
				PRODUCT_BUNDLE_IDENTIFIER = ken.RxMVVMTests;
				PRODUCT_NAME = "$(TARGET_NAME)";
				SWIFT_VERSION = 4.2;
				TARGETED_DEVICE_FAMILY = "1,2";
				TEST_HOST = "$(BUILT_PRODUCTS_DIR)/RxMVVM.app/RxMVVM";
			};
			name = Release;
		};
		B228AD8E21F59B0600595549 /* Debug */ = {
			isa = XCBuildConfiguration;
			baseConfigurationReference = EE411F3AC3D50A48C1972EA9 /* Pods-RxMVVMUITests.debug.xcconfig */;
			buildSettings = {
				ALWAYS_EMBED_SWIFT_STANDARD_LIBRARIES = YES;
				CODE_SIGN_STYLE = Automatic;
				DEVELOPMENT_TEAM = JL94BNBL3S;
				INFOPLIST_FILE = RxMVVMUITests/Info.plist;
				LD_RUNPATH_SEARCH_PATHS = (
					"$(inherited)",
					"@executable_path/Frameworks",
					"@loader_path/Frameworks",
				);
				PRODUCT_BUNDLE_IDENTIFIER = ken.RxMVVMUITests;
				PRODUCT_NAME = "$(TARGET_NAME)";
				SWIFT_VERSION = 4.2;
				TARGETED_DEVICE_FAMILY = "1,2";
				TEST_TARGET_NAME = RxMVVM;
			};
			name = Debug;
		};
		B228AD8F21F59B0600595549 /* Release */ = {
			isa = XCBuildConfiguration;
			baseConfigurationReference = A4ADC85CBD0C699F096CF04C /* Pods-RxMVVMUITests.release.xcconfig */;
			buildSettings = {
				ALWAYS_EMBED_SWIFT_STANDARD_LIBRARIES = YES;
				CODE_SIGN_STYLE = Automatic;
				DEVELOPMENT_TEAM = JL94BNBL3S;
				INFOPLIST_FILE = RxMVVMUITests/Info.plist;
				LD_RUNPATH_SEARCH_PATHS = (
					"$(inherited)",
					"@executable_path/Frameworks",
					"@loader_path/Frameworks",
				);
				PRODUCT_BUNDLE_IDENTIFIER = ken.RxMVVMUITests;
				PRODUCT_NAME = "$(TARGET_NAME)";
				SWIFT_VERSION = 4.2;
				TARGETED_DEVICE_FAMILY = "1,2";
				TEST_TARGET_NAME = RxMVVM;
			};
			name = Release;
		};
/* End XCBuildConfiguration section */

/* Begin XCConfigurationList section */
		B228AD5A21F59B0500595549 /* Build configuration list for PBXProject "RxMVVM" */ = {
			isa = XCConfigurationList;
			buildConfigurations = (
				B228AD8521F59B0600595549 /* Debug */,
				B228AD8621F59B0600595549 /* Release */,
			);
			defaultConfigurationIsVisible = 0;
			defaultConfigurationName = Release;
		};
		B228AD8721F59B0600595549 /* Build configuration list for PBXNativeTarget "RxMVVM" */ = {
			isa = XCConfigurationList;
			buildConfigurations = (
				B228AD8821F59B0600595549 /* Debug */,
				B228AD8921F59B0600595549 /* Release */,
			);
			defaultConfigurationIsVisible = 0;
			defaultConfigurationName = Release;
		};
		B228AD8A21F59B0600595549 /* Build configuration list for PBXNativeTarget "RxMVVMTests" */ = {
			isa = XCConfigurationList;
			buildConfigurations = (
				B228AD8B21F59B0600595549 /* Debug */,
				B228AD8C21F59B0600595549 /* Release */,
			);
			defaultConfigurationIsVisible = 0;
			defaultConfigurationName = Release;
		};
		B228AD8D21F59B0600595549 /* Build configuration list for PBXNativeTarget "RxMVVMUITests" */ = {
			isa = XCConfigurationList;
			buildConfigurations = (
				B228AD8E21F59B0600595549 /* Debug */,
				B228AD8F21F59B0600595549 /* Release */,
			);
			defaultConfigurationIsVisible = 0;
			defaultConfigurationName = Release;
		};
/* End XCConfigurationList section */
	};
	rootObject = B228AD5721F59B0500595549 /* Project object */;
}
